
Microsoft Visual Studio Solution File, Format Version 12.00
# Visual Studio Version 17
VisualStudioVersion = 17.3.32825.248
MinimumVisualStudioVersion = 10.0.40219.1
Project("{FAE04EC0-301F-11D3-BF4B-00C04F79EFBC}") = "Refran Machine", "Refran Machine\Refran Machine.csproj", "{87B400D0-764E-40D1-819E-D8C8A36C7D5B}"
EndProject
Global
	GlobalSection(SolutionConfigurationPlatforms) = preSolution
		Debug|Any CPU = Debug|Any CPU
		Release|Any CPU = Release|Any CPU
	EndGlobalSection
	GlobalSection(ProjectConfigurationPlatforms) = postSolution
		{87B400D0-764E-40D1-819E-D8C8A36C7D5B}.Debug|Any CPU.ActiveCfg = Debug|Any CPU
		{87B400D0-764E-40D1-819E-D8C8A36C7D5B}.Debug|Any CPU.Build.0 = Debug|Any CPU
		{87B400D0-764E-40D1-819E-D8C8A36C7D5B}.Release|Any CPU.ActiveCfg = Release|Any CPU
		{87B400D0-764E-40D1-819E-D8C8A36C7D5B}.Release|Any CPU.Build.0 = Release|Any CPU
	EndGlobalSection
	GlobalSection(SolutionProperties) = preSolution
		HideSolutionNode = FALSE
	EndGlobalSection
	GlobalSection(ExtensibilityGlobals) = postSolution
		SolutionGuid = {8FFFC663-4FBD-4316-8085-4C5755528DDA}
	EndGlobalSection
EndGlobal
